// !$*UTF8*$!
{
	archiveVersion = 1;
	classes = {
	};
	objectVersion = 51;
	objects = {

/* Begin PBXBuildFile section */
		72044ADD24289D9200426737 /* AppDelegate.swift in Sources */ = {isa = PBXBuildFile; fileRef = 72044ADC24289D9200426737 /* AppDelegate.swift */; };
		72044ADF24289D9200426737 /* SceneDelegate.swift in Sources */ = {isa = PBXBuildFile; fileRef = 72044ADE24289D9200426737 /* SceneDelegate.swift */; };
		72044AE124289D9200426737 /* ViewController.swift in Sources */ = {isa = PBXBuildFile; fileRef = 72044AE024289D9200426737 /* ViewController.swift */; };
		72044AE424289D9200426737 /* Main.storyboard in Resources */ = {isa = PBXBuildFile; fileRef = 72044AE224289D9200426737 /* Main.storyboard */; };
		72044AE624289D9300426737 /* Assets.xcassets in Resources */ = {isa = PBXBuildFile; fileRef = 72044AE524289D9300426737 /* Assets.xcassets */; };
		72044AE924289D9300426737 /* LaunchScreen.storyboard in Resources */ = {isa = PBXBuildFile; fileRef = 72044AE724289D9300426737 /* LaunchScreen.storyboard */; };
		72044AF624289F8700426737 /* STDViewController.swift in Sources */ = {isa = PBXBuildFile; fileRef = 72044AF524289F8700426737 /* STDViewController.swift */; };
		72044AF82428A55600426737 /* JSViewController.swift in Sources */ = {isa = PBXBuildFile; fileRef = 72044AF72428A55600426737 /* JSViewController.swift */; };
		72044AFC2428A59400426737 /* WebVViewController.swift in Sources */ = {isa = PBXBuildFile; fileRef = 72044AFB2428A59400426737 /* WebVViewController.swift */; };
		72044AFE2428A64E00426737 /* TaboolaCollectionViewCell.swift in Sources */ = {isa = PBXBuildFile; fileRef = 72044AFD2428A64E00426737 /* TaboolaCollectionViewCell.swift */; };
		72044B032428AB2100426737 /* JSSamplePage.html in Resources */ = {isa = PBXBuildFile; fileRef = 72044B022428AB2100426737 /* JSSamplePage.html */; };
/* End PBXBuildFile section */

/* Begin PBXFileReference section */
		72044AD924289D9200426737 /* TaboolaContentForApps.app */ = {isa = PBXFileReference; explicitFileType = wrapper.application; includeInIndex = 0; path = TaboolaContentForApps.app; sourceTree = BUILT_PRODUCTS_DIR; };
		72044ADC24289D9200426737 /* AppDelegate.swift */ = {isa = PBXFileReference; lastKnownFileType = sourcecode.swift; path = AppDelegate.swift; sourceTree = "<group>"; };
		72044ADE24289D9200426737 /* SceneDelegate.swift */ = {isa = PBXFileReference; lastKnownFileType = sourcecode.swift; path = SceneDelegate.swift; sourceTree = "<group>"; };
		72044AE024289D9200426737 /* ViewController.swift */ = {isa = PBXFileReference; lastKnownFileType = sourcecode.swift; path = ViewController.swift; sourceTree = "<group>"; };
		72044AE324289D9200426737 /* Base */ = {isa = PBXFileReference; lastKnownFileType = file.storyboard; name = Base; path = Base.lproj/Main.storyboard; sourceTree = "<group>"; };
		72044AE524289D9300426737 /* Assets.xcassets */ = {isa = PBXFileReference; lastKnownFileType = folder.assetcatalog; path = Assets.xcassets; sourceTree = "<group>"; };
		72044AE824289D9300426737 /* Base */ = {isa = PBXFileReference; lastKnownFileType = file.storyboard; name = Base; path = Base.lproj/LaunchScreen.storyboard; sourceTree = "<group>"; };
		72044AEA24289D9300426737 /* Info.plist */ = {isa = PBXFileReference; lastKnownFileType = text.plist.xml; path = Info.plist; sourceTree = "<group>"; };
		72044AF524289F8700426737 /* STDViewController.swift */ = {isa = PBXFileReference; lastKnownFileType = sourcecode.swift; path = STDViewController.swift; sourceTree = "<group>"; };
		72044AF72428A55600426737 /* JSViewController.swift */ = {isa = PBXFileReference; lastKnownFileType = sourcecode.swift; path = JSViewController.swift; sourceTree = "<group>"; };
		72044AFB2428A59400426737 /* WebVViewController.swift */ = {isa = PBXFileReference; lastKnownFileType = sourcecode.swift; path = WebVViewController.swift; sourceTree = "<group>"; };
		72044AFD2428A64E00426737 /* TaboolaCollectionViewCell.swift */ = {isa = PBXFileReference; lastKnownFileType = sourcecode.swift; path = TaboolaCollectionViewCell.swift; sourceTree = "<group>"; };
		72044B022428AB2100426737 /* JSSamplePage.html */ = {isa = PBXFileReference; lastKnownFileType = text.html; path = JSSamplePage.html; sourceTree = "<group>"; };
		8D2C18480E0E249501158B01 /* Pods_TaboolaContentForApps.framework */ = {isa = PBXFileReference; explicitFileType = wrapper.framework; includeInIndex = 0; path = Pods_TaboolaContentForApps.framework; sourceTree = BUILT_PRODUCTS_DIR; };
		92957E3A49F47AE481F7A570 /* Pods-TaboolaContentForApps.debug.xcconfig */ = {isa = PBXFileReference; includeInIndex = 1; lastKnownFileType = text.xcconfig; name = "Pods-TaboolaContentForApps.debug.xcconfig"; path = "Target Support Files/Pods-TaboolaContentForApps/Pods-TaboolaContentForApps.debug.xcconfig"; sourceTree = "<group>"; };
		FC1C0B1B9EC45A42E681E183 /* Pods-TaboolaContentForApps.release.xcconfig */ = {isa = PBXFileReference; includeInIndex = 1; lastKnownFileType = text.xcconfig; name = "Pods-TaboolaContentForApps.release.xcconfig"; path = "Target Support Files/Pods-TaboolaContentForApps/Pods-TaboolaContentForApps.release.xcconfig"; sourceTree = "<group>"; };
/* End PBXFileReference section */

/* Begin PBXFrameworksBuildPhase section */
		72044AD624289D9200426737 /* Frameworks */ = {
			isa = PBXFrameworksBuildPhase;
			buildActionMask = 2147483647;
			files = (
			);
			runOnlyForDeploymentPostprocessing = 0;
		};
/* End PBXFrameworksBuildPhase section */

/* Begin PBXGroup section */
		72044AD024289D9200426737 = {
			isa = PBXGroup;
			children = (
				72044ADB24289D9200426737 /* TaboolaContentForApps */,
				72044ADA24289D9200426737 /* Products */,
				CB59492A9234B4B73CF68A6A /* Pods */,
				C5A735B9206264DE93973BE5 /* Frameworks */,
			);
			sourceTree = "<group>";
		};
		72044ADA24289D9200426737 /* Products */ = {
			isa = PBXGroup;
			children = (
				72044AD924289D9200426737 /* TaboolaContentForApps.app */,
			);
			name = Products;
			sourceTree = "<group>";
		};
		72044ADB24289D9200426737 /* TaboolaContentForApps */ = {
			isa = PBXGroup;
			children = (
				72044AF024289DB300426737 /* SDK STD */,
				72044AF224289DC400426737 /* SDK JS */,
				72044AF424289DEC00426737 /* Web View */,
				72044ADC24289D9200426737 /* AppDelegate.swift */,
				72044ADE24289D9200426737 /* SceneDelegate.swift */,
				72044AE024289D9200426737 /* ViewController.swift */,
				72044AE224289D9200426737 /* Main.storyboard */,
				72044AE524289D9300426737 /* Assets.xcassets */,
				72044AE724289D9300426737 /* LaunchScreen.storyboard */,
				72044AEA24289D9300426737 /* Info.plist */,
			);
			path = TaboolaContentForApps;
			sourceTree = "<group>";
		};
		72044AF024289DB300426737 /* SDK STD */ = {
			isa = PBXGroup;
			children = (
				72044AF524289F8700426737 /* STDViewController.swift */,
				72044AFD2428A64E00426737 /* TaboolaCollectionViewCell.swift */,
			);
			path = "SDK STD";
			sourceTree = "<group>";
		};
		72044AF224289DC400426737 /* SDK JS */ = {
			isa = PBXGroup;
			children = (
				72044AF72428A55600426737 /* JSViewController.swift */,
				72044B022428AB2100426737 /* JSSamplePage.html */,
			);
			path = "SDK JS";
			sourceTree = "<group>";
		};
		72044AF424289DEC00426737 /* Web View */ = {
			isa = PBXGroup;
			children = (
				72044AFB2428A59400426737 /* WebVViewController.swift */,
			);
			path = "Web View";
			sourceTree = "<group>";
		};
		C5A735B9206264DE93973BE5 /* Frameworks */ = {
			isa = PBXGroup;
			children = (
				8D2C18480E0E249501158B01 /* Pods_TaboolaContentForApps.framework */,
			);
			name = Frameworks;
			sourceTree = "<group>";
		};
		CB59492A9234B4B73CF68A6A /* Pods */ = {
			isa = PBXGroup;
			children = (
				92957E3A49F47AE481F7A570 /* Pods-TaboolaContentForApps.debug.xcconfig */,
				FC1C0B1B9EC45A42E681E183 /* Pods-TaboolaContentForApps.release.xcconfig */,
			);
			path = Pods;
			sourceTree = "<group>";
		};
/* End PBXGroup section */

/* Begin PBXNativeTarget section */
		72044AD824289D9200426737 /* TaboolaContentForApps */ = {
			isa = PBXNativeTarget;
			buildConfigurationList = 72044AED24289D9300426737 /* Build configuration list for PBXNativeTarget "TaboolaContentForApps" */;
			buildPhases = (
				392D5449D02D5DC1598B4F16 /* [CP] Check Pods Manifest.lock */,
				72044AD524289D9200426737 /* Sources */,
				72044AD624289D9200426737 /* Frameworks */,
				72044AD724289D9200426737 /* Resources */,
				A8B5627F5414A35BE1D268A4 /* [CP] Embed Pods Frameworks */,
			);
			buildRules = (
			);
			dependencies = (
			);
			name = TaboolaContentForApps;
			productName = TaboolaContentForApps;
			productReference = 72044AD924289D9200426737 /* TaboolaContentForApps.app */;
			productType = "com.apple.product-type.application";
		};
/* End PBXNativeTarget section */

/* Begin PBXProject section */
		72044AD124289D9200426737 /* Project object */ = {
			isa = PBXProject;
			attributes = {
				LastSwiftUpdateCheck = 1120;
				LastUpgradeCheck = 1120;
				ORGANIZATIONNAME = "Liad Elidan";
				TargetAttributes = {
					72044AD824289D9200426737 = {
						CreatedOnToolsVersion = 11.2.1;
					};
				};
			};
			buildConfigurationList = 72044AD424289D9200426737 /* Build configuration list for PBXProject "TaboolaContentForApps" */;
			compatibilityVersion = "Xcode 9.3";
			developmentRegion = en;
			hasScannedForEncodings = 0;
			knownRegions = (
				en,
				Base,
			);
			mainGroup = 72044AD024289D9200426737;
			productRefGroup = 72044ADA24289D9200426737 /* Products */;
			projectDirPath = "";
			projectRoot = "";
			targets = (
				72044AD824289D9200426737 /* TaboolaContentForApps */,
			);
		};
/* End PBXProject section */

/* Begin PBXResourcesBuildPhase section */
		72044AD724289D9200426737 /* Resources */ = {
			isa = PBXResourcesBuildPhase;
			buildActionMask = 2147483647;
			files = (
				72044B032428AB2100426737 /* JSSamplePage.html in Resources */,
				72044AE924289D9300426737 /* LaunchScreen.storyboard in Resources */,
				72044AE624289D9300426737 /* Assets.xcassets in Resources */,
				72044AE424289D9200426737 /* Main.storyboard in Resources */,
			);
			runOnlyForDeploymentPostprocessing = 0;
		};
/* End PBXResourcesBuildPhase section */

/* Begin PBXShellScriptBuildPhase section */
		392D5449D02D5DC1598B4F16 /* [CP] Check Pods Manifest.lock */ = {
			isa = PBXShellScriptBuildPhase;
			buildActionMask = 2147483647;
			files = (
			);
			inputFileListPaths = (
			);
			inputPaths = (
				"${PODS_PODFILE_DIR_PATH}/Podfile.lock",
				"${PODS_ROOT}/Manifest.lock",
			);
			name = "[CP] Check Pods Manifest.lock";
			outputFileListPaths = (
			);
			outputPaths = (
				"$(DERIVED_FILE_DIR)/Pods-TaboolaContentForApps-checkManifestLockResult.txt",
			);
			runOnlyForDeploymentPostprocessing = 0;
			shellPath = /bin/sh;
			shellScript = "diff \"${PODS_PODFILE_DIR_PATH}/Podfile.lock\" \"${PODS_ROOT}/Manifest.lock\" > /dev/null\nif [ $? != 0 ] ; then\n    # print error to STDERR\n    echo \"error: The sandbox is not in sync with the Podfile.lock. Run 'pod install' or update your CocoaPods installation.\" >&2\n    exit 1\nfi\n# This output is used by Xcode 'outputs' to avoid re-running this script phase.\necho \"SUCCESS\" > \"${SCRIPT_OUTPUT_FILE_0}\"\n";
			showEnvVarsInLog = 0;
		};
		A8B5627F5414A35BE1D268A4 /* [CP] Embed Pods Frameworks */ = {
			isa = PBXShellScriptBuildPhase;
			buildActionMask = 2147483647;
			files = (
			);
			inputFileListPaths = (
				"${PODS_ROOT}/Target Support Files/Pods-TaboolaContentForApps/Pods-TaboolaContentForApps-frameworks-${CONFIGURATION}-input-files.xcfilelist",
			);
			name = "[CP] Embed Pods Frameworks";
			outputFileListPaths = (
				"${PODS_ROOT}/Target Support Files/Pods-TaboolaContentForApps/Pods-TaboolaContentForApps-frameworks-${CONFIGURATION}-output-files.xcfilelist",
			);
			runOnlyForDeploymentPostprocessing = 0;
			shellPath = /bin/sh;
			shellScript = "\"${PODS_ROOT}/Target Support Files/Pods-TaboolaContentForApps/Pods-TaboolaContentForApps-frameworks.sh\"\n";
			showEnvVarsInLog = 0;
		};
/* End PBXShellScriptBuildPhase section */

/* Begin PBXSourcesBuildPhase section */
		72044AD524289D9200426737 /* Sources */ = {
			isa = PBXSourcesBuildPhase;
			buildActionMask = 2147483647;
			files = (
				72044AF624289F8700426737 /* STDViewController.swift in Sources */,
				72044AF82428A55600426737 /* JSViewController.swift in Sources */,
				72044AE124289D9200426737 /* ViewController.swift in Sources */,
				72044AFE2428A64E00426737 /* TaboolaCollectionViewCell.swift in Sources */,
				72044ADD24289D9200426737 /* AppDelegate.swift in Sources */,
				72044ADF24289D9200426737 /* SceneDelegate.swift in Sources */,
				72044AFC2428A59400426737 /* WebVViewController.swift in Sources */,
			);
			runOnlyForDeploymentPostprocessing = 0;
		};
/* End PBXSourcesBuildPhase section */

/* Begin PBXVariantGroup section */
		72044AE224289D9200426737 /* Main.storyboard */ = {
			isa = PBXVariantGroup;
			children = (
				72044AE324289D9200426737 /* Base */,
			);
			name = Main.storyboard;
			sourceTree = "<group>";
		};
		72044AE724289D9300426737 /* LaunchScreen.storyboard */ = {
			isa = PBXVariantGroup;
			children = (
				72044AE824289D9300426737 /* Base */,
			);
			name = LaunchScreen.storyboard;
			sourceTree = "<group>";
		};
/* End PBXVariantGroup section */

/* Begin XCBuildConfiguration section */
		72044AEB24289D9300426737 /* Debug */ = {
			isa = XCBuildConfiguration;
			buildSettings = {
				ALWAYS_SEARCH_USER_PATHS = NO;
				CLANG_ANALYZER_NONNULL = YES;
				CLANG_ANALYZER_NUMBER_OBJECT_CONVERSION = YES_AGGRESSIVE;
				CLANG_CXX_LANGUAGE_STANDARD = "gnu++14";
				CLANG_CXX_LIBRARY = "libc++";
				CLANG_ENABLE_MODULES = YES;
				CLANG_ENABLE_OBJC_ARC = YES;
				CLANG_ENABLE_OBJC_WEAK = YES;
				CLANG_WARN_BLOCK_CAPTURE_AUTORELEASING = YES;
				CLANG_WARN_BOOL_CONVERSION = YES;
				CLANG_WARN_COMMA = YES;
				CLANG_WARN_CONSTANT_CONVERSION = YES;
				CLANG_WARN_DEPRECATED_OBJC_IMPLEMENTATIONS = YES;
				CLANG_WARN_DIRECT_OBJC_ISA_USAGE = YES_ERROR;
				CLANG_WARN_DOCUMENTATION_COMMENTS = YES;
				CLANG_WARN_EMPTY_BODY = YES;
				CLANG_WARN_ENUM_CONVERSION = YES;
				CLANG_WARN_INFINITE_RECURSION = YES;
				CLANG_WARN_INT_CONVERSION = YES;
				CLANG_WARN_NON_LITERAL_NULL_CONVERSION = YES;
				CLANG_WARN_OBJC_IMPLICIT_RETAIN_SELF = YES;
				CLANG_WARN_OBJC_LITERAL_CONVERSION = YES;
				CLANG_WARN_OBJC_ROOT_CLASS = YES_ERROR;
				CLANG_WARN_RANGE_LOOP_ANALYSIS = YES;
				CLANG_WARN_STRICT_PROTOTYPES = YES;
				CLANG_WARN_SUSPICIOUS_MOVE = YES;
				CLANG_WARN_UNGUARDED_AVAILABILITY = YES_AGGRESSIVE;
				CLANG_WARN_UNREACHABLE_CODE = YES;
				CLANG_WARN__DUPLICATE_METHOD_MATCH = YES;
				COPY_PHASE_STRIP = NO;
				DEBUG_INFORMATION_FORMAT = dwarf;
				ENABLE_STRICT_OBJC_MSGSEND = YES;
				ENABLE_TESTABILITY = YES;
				GCC_C_LANGUAGE_STANDARD = gnu11;
				GCC_DYNAMIC_NO_PIC = NO;
				GCC_NO_COMMON_BLOCKS = YES;
				GCC_OPTIMIZATION_LEVEL = 0;
				GCC_PREPROCESSOR_DEFINITIONS = (
					"DEBUG=1",
					"$(inherited)",
				);
				GCC_WARN_64_TO_32_BIT_CONVERSION = YES;
				GCC_WARN_ABOUT_RETURN_TYPE = YES_ERROR;
				GCC_WARN_UNDECLARED_SELECTOR = YES;
				GCC_WARN_UNINITIALIZED_AUTOS = YES_AGGRESSIVE;
				GCC_WARN_UNUSED_FUNCTION = YES;
				GCC_WARN_UNUSED_VARIABLE = YES;
				IPHONEOS_DEPLOYMENT_TARGET = 13.2;
				MTL_ENABLE_DEBUG_INFO = INCLUDE_SOURCE;
				MTL_FAST_MATH = YES;
				ONLY_ACTIVE_ARCH = YES;
				SDKROOT = iphoneos;
				SWIFT_ACTIVE_COMPILATION_CONDITIONS = DEBUG;
				SWIFT_OPTIMIZATION_LEVEL = "-Onone";
			};
			name = Debug;
		};
		72044AEC24289D9300426737 /* Release */ = {
			isa = XCBuildConfiguration;
			buildSettings = {
				ALWAYS_SEARCH_USER_PATHS = NO;
				CLANG_ANALYZER_NONNULL = YES;
				CLANG_ANALYZER_NUMBER_OBJECT_CONVERSION = YES_AGGRESSIVE;
				CLANG_CXX_LANGUAGE_STANDARD = "gnu++14";
				CLANG_CXX_LIBRARY = "libc++";
				CLANG_ENABLE_MODULES = YES;
				CLANG_ENABLE_OBJC_ARC = YES;
				CLANG_ENABLE_OBJC_WEAK = YES;
				CLANG_WARN_BLOCK_CAPTURE_AUTORELEASING = YES;
				CLANG_WARN_BOOL_CONVERSION = YES;
				CLANG_WARN_COMMA = YES;
				CLANG_WARN_CONSTANT_CONVERSION = YES;
				CLANG_WARN_DEPRECATED_OBJC_IMPLEMENTATIONS = YES;
				CLANG_WARN_DIRECT_OBJC_ISA_USAGE = YES_ERROR;
				CLANG_WARN_DOCUMENTATION_COMMENTS = YES;
				CLANG_WARN_EMPTY_BODY = YES;
				CLANG_WARN_ENUM_CONVERSION = YES;
				CLANG_WARN_INFINITE_RECURSION = YES;
				CLANG_WARN_INT_CONVERSION = YES;
				CLANG_WARN_NON_LITERAL_NULL_CONVERSION = YES;
				CLANG_WARN_OBJC_IMPLICIT_RETAIN_SELF = YES;
				CLANG_WARN_OBJC_LITERAL_CONVERSION = YES;
				CLANG_WARN_OBJC_ROOT_CLASS = YES_ERROR;
				CLANG_WARN_RANGE_LOOP_ANALYSIS = YES;
				CLANG_WARN_STRICT_PROTOTYPES = YES;
				CLANG_WARN_SUSPICIOUS_MOVE = YES;
				CLANG_WARN_UNGUARDED_AVAILABILITY = YES_AGGRESSIVE;
				CLANG_WARN_UNREACHABLE_CODE = YES;
				CLANG_WARN__DUPLICATE_METHOD_MATCH = YES;
				COPY_PHASE_STRIP = NO;
				DEBUG_INFORMATION_FORMAT = "dwarf-with-dsym";
				ENABLE_NS_ASSERTIONS = NO;
				ENABLE_STRICT_OBJC_MSGSEND = YES;
				GCC_C_LANGUAGE_STANDARD = gnu11;
				GCC_NO_COMMON_BLOCKS = YES;
				GCC_WARN_64_TO_32_BIT_CONVERSION = YES;
				GCC_WARN_ABOUT_RETURN_TYPE = YES_ERROR;
				GCC_WARN_UNDECLARED_SELECTOR = YES;
				GCC_WARN_UNINITIALIZED_AUTOS = YES_AGGRESSIVE;
				GCC_WARN_UNUSED_FUNCTION = YES;
				GCC_WARN_UNUSED_VARIABLE = YES;
				IPHONEOS_DEPLOYMENT_TARGET = 13.2;
				MTL_ENABLE_DEBUG_INFO = NO;
				MTL_FAST_MATH = YES;
				SDKROOT = iphoneos;
				SWIFT_COMPILATION_MODE = wholemodule;
				SWIFT_OPTIMIZATION_LEVEL = "-O";
				VALIDATE_PRODUCT = YES;
			};
			name = Release;
		};
		72044AEE24289D9300426737 /* Debug */ = {
			isa = XCBuildConfiguration;
			baseConfigurationReference = 92957E3A49F47AE481F7A570 /* Pods-TaboolaContentForApps.debug.xcconfig */;
			buildSettings = {
				ASSETCATALOG_COMPILER_APPICON_NAME = AppIcon;
				CODE_SIGN_STYLE = Automatic;
				DEVELOPMENT_TEAM = ZZMSXYL4ND;
				INFOPLIST_FILE = TaboolaContentForApps/Info.plist;
				LD_RUNPATH_SEARCH_PATHS = (
					"$(inherited)",
					"@executable_path/Frameworks",
				);
				PRODUCT_BUNDLE_IDENTIFIER = com.taboola.TaboolaContentForApps;
				PRODUCT_NAME = "$(TARGET_NAME)";
				SWIFT_VERSION = 5.0;
				TARGETED_DEVICE_FAMILY = "1,2";
			};
			name = Debug;
		};
		72044AEF24289D9300426737 /* Release */ = {
			isa = XCBuildConfiguration;
			baseConfigurationReference = FC1C0B1B9EC45A42E681E183 /* Pods-TaboolaContentForApps.release.xcconfig */;
			buildSettings = {
				ASSETCATALOG_COMPILER_APPICON_NAME = AppIcon;
				CODE_SIGN_STYLE = Automatic;
				DEVELOPMENT_TEAM = ZZMSXYL4ND;
				INFOPLIST_FILE = TaboolaContentForApps/Info.plist;
				LD_RUNPATH_SEARCH_PATHS = (
					"$(inherited)",
					"@executable_path/Frameworks",
				);
				PRODUCT_BUNDLE_IDENTIFIER = com.taboola.TaboolaContentForApps;
				PRODUCT_NAME = "$(TARGET_NAME)";
				SWIFT_VERSION = 5.0;
				TARGETED_DEVICE_FAMILY = "1,2";
			};
			name = Release;
		};
/* End XCBuildConfiguration section */

/* Begin XCConfigurationList section */
		72044AD424289D9200426737 /* Build configuration list for PBXProject "TaboolaContentForApps" */ = {
			isa = XCConfigurationList;
			buildConfigurations = (
				72044AEB24289D9300426737 /* Debug */,
				72044AEC24289D9300426737 /* Release */,
			);
			defaultConfigurationIsVisible = 0;
			defaultConfigurationName = Release;
		};
		72044AED24289D9300426737 /* Build configuration list for PBXNativeTarget "TaboolaContentForApps" */ = {
			isa = XCConfigurationList;
			buildConfigurations = (
				72044AEE24289D9300426737 /* Debug */,
				72044AEF24289D9300426737 /* Release */,
			);
			defaultConfigurationIsVisible = 0;
			defaultConfigurationName = Release;
		};
/* End XCConfigurationList section */
	};
	rootObject = 72044AD124289D9200426737 /* Project object */;
}
